// !$*UTF8*$!
{
	archiveVersion = 1;
	classes = {
	};
	objectVersion = 46;
	objects = {

/* Begin PBXBuildFile section */
		120DBF7D1F69AF7100C46E75 /* PNGFile.cpp in Sources */ = {isa = PBXBuildFile; fileRef = 120DBF7B1F69AF7100C46E75 /* PNGFile.cpp */; };
		120DBF811F69AFDD00C46E75 /* TextManager.cpp in Sources */ = {isa = PBXBuildFile; fileRef = 120DBF7E1F69AFDD00C46E75 /* TextManager.cpp */; };
		4D2113FB1F4ED6090080F5AE /* main.cpp in Sources */ = {isa = PBXBuildFile; fileRef = 4D2113FA1F4ED6090080F5AE /* main.cpp */; };
		4D2113FE1F4ED6530080F5AE /* agipd_module_reader.cpp in Sources */ = {isa = PBXBuildFile; fileRef = 4D2113FC1F4ED6530080F5AE /* agipd_module_reader.cpp */; };
		4D26C3451F628EDA00D2D8E0 /* agipd_reader.cpp in Sources */ = {isa = PBXBuildFile; fileRef = 4D26C3441F628EDA00D2D8E0 /* agipd_reader.cpp */; };
/* End PBXBuildFile section */

/* Begin PBXCopyFilesBuildPhase section */
		4D2113EE1F4ED5E90080F5AE /* CopyFiles */ = {
			isa = PBXCopyFilesBuildPhase;
			buildActionMask = 12;
			dstPath = "";
			dstSubfolderSpec = 16;
			files = (
			);
			runOnlyForDeploymentPostprocessing = 0;
		};
/* End PBXCopyFilesBuildPhase section */

/* Begin PBXFileReference section */
		120DBF7B1F69AF7100C46E75 /* PNGFile.cpp */ = {isa = PBXFileReference; fileEncoding = 4; lastKnownFileType = sourcecode.cpp.cpp; name = PNGFile.cpp; path = src/PNGFile.cpp; sourceTree = SOURCE_ROOT; };
		120DBF7C1F69AF7100C46E75 /* PNGFile.h */ = {isa = PBXFileReference; fileEncoding = 4; lastKnownFileType = sourcecode.c.h; name = PNGFile.h; path = src/PNGFile.h; sourceTree = SOURCE_ROOT; };
		120DBF7E1F69AFDD00C46E75 /* TextManager.cpp */ = {isa = PBXFileReference; fileEncoding = 4; lastKnownFileType = sourcecode.cpp.cpp; name = TextManager.cpp; path = src/TextManager.cpp; sourceTree = SOURCE_ROOT; };
		120DBF7F1F69AFDD00C46E75 /* TextManager.h */ = {isa = PBXFileReference; fileEncoding = 4; lastKnownFileType = sourcecode.c.h; name = TextManager.h; path = src/TextManager.h; sourceTree = SOURCE_ROOT; };
		120DBF801F69AFDD00C46E75 /* font.h */ = {isa = PBXFileReference; fileEncoding = 4; lastKnownFileType = sourcecode.c.h; name = font.h; path = src/font.h; sourceTree = SOURCE_ROOT; };
		4D2113F01F4ED5E90080F5AE /* agipd-reader */ = {isa = PBXFileReference; explicitFileType = "compiled.mach-o.executable"; includeInIndex = 0; path = "agipd-reader"; sourceTree = BUILT_PRODUCTS_DIR; };
		4D2113FA1F4ED6090080F5AE /* main.cpp */ = {isa = PBXFileReference; fileEncoding = 4; lastKnownFileType = sourcecode.cpp.cpp; name = main.cpp; path = src/main.cpp; sourceTree = SOURCE_ROOT; };
		4D2113FC1F4ED6530080F5AE /* agipd_module_reader.cpp */ = {isa = PBXFileReference; fileEncoding = 4; lastKnownFileType = sourcecode.cpp.cpp; name = agipd_module_reader.cpp; path = src/agipd_module_reader.cpp; sourceTree = SOURCE_ROOT; };
		4D2113FD1F4ED6530080F5AE /* agipd_read.h */ = {isa = PBXFileReference; fileEncoding = 4; lastKnownFileType = sourcecode.c.h; name = agipd_read.h; path = src/agipd_read.h; sourceTree = SOURCE_ROOT; };
		4D26C3441F628EDA00D2D8E0 /* agipd_reader.cpp */ = {isa = PBXFileReference; fileEncoding = 4; lastKnownFileType = sourcecode.cpp.cpp; name = agipd_reader.cpp; path = src/agipd_reader.cpp; sourceTree = SOURCE_ROOT; };
/* End PBXFileReference section */

/* Begin PBXFrameworksBuildPhase section */
		4D2113ED1F4ED5E90080F5AE /* Frameworks */ = {
			isa = PBXFrameworksBuildPhase;
			buildActionMask = 2147483647;
			files = (
			);
			runOnlyForDeploymentPostprocessing = 0;
		};
/* End PBXFrameworksBuildPhase section */

/* Begin PBXGroup section */
		4D2113E71F4ED5E90080F5AE = {
			isa = PBXGroup;
			children = (
				4D2113F21F4ED5E90080F5AE /* agipd */,
				4D2113F11F4ED5E90080F5AE /* Products */,
			);
			sourceTree = "<group>";
		};
		4D2113F11F4ED5E90080F5AE /* Products */ = {
			isa = PBXGroup;
			children = (
				4D2113F01F4ED5E90080F5AE /* agipd-reader */,
			);
			name = Products;
			sourceTree = "<group>";
		};
		4D2113F21F4ED5E90080F5AE /* agipd */ = {
			isa = PBXGroup;
			children = (
				4D2113FA1F4ED6090080F5AE /* main.cpp */,
				4D2113FD1F4ED6530080F5AE /* agipd_read.h */,
				4D26C3441F628EDA00D2D8E0 /* agipd_reader.cpp */,
				4D2113FC1F4ED6530080F5AE /* agipd_module_reader.cpp */,
				120DBF7E1F69AFDD00C46E75 /* TextManager.cpp */,
				120DBF7F1F69AFDD00C46E75 /* TextManager.h */,
				120DBF801F69AFDD00C46E75 /* font.h */,
				120DBF7B1F69AF7100C46E75 /* PNGFile.cpp */,
				120DBF7C1F69AF7100C46E75 /* PNGFile.h */,
			);
			path = agipd;
			sourceTree = "<group>";
		};
/* End PBXGroup section */

/* Begin PBXNativeTarget section */
		4D2113EF1F4ED5E90080F5AE /* agipd-reader */ = {
			isa = PBXNativeTarget;
			buildConfigurationList = 4D2113F71F4ED5E90080F5AE /* Build configuration list for PBXNativeTarget "agipd-reader" */;
			buildPhases = (
				4D2113EC1F4ED5E90080F5AE /* Sources */,
				4D2113ED1F4ED5E90080F5AE /* Frameworks */,
				4D2113EE1F4ED5E90080F5AE /* CopyFiles */,
			);
			buildRules = (
			);
			dependencies = (
			);
			name = "agipd-reader";
			productName = agipd;
			productReference = 4D2113F01F4ED5E90080F5AE /* agipd-reader */;
			productType = "com.apple.product-type.tool";
		};
/* End PBXNativeTarget section */

/* Begin PBXProject section */
		4D2113E81F4ED5E90080F5AE /* Project object */ = {
			isa = PBXProject;
			attributes = {
				LastUpgradeCheck = 0830;
				ORGANIZATIONNAME = "Anton Barty";
				TargetAttributes = {
					4D2113EF1F4ED5E90080F5AE = {
						CreatedOnToolsVersion = 8.3.3;
						ProvisioningStyle = Automatic;
					};
				};
			};
			buildConfigurationList = 4D2113EB1F4ED5E90080F5AE /* Build configuration list for PBXProject "agipd" */;
			compatibilityVersion = "Xcode 3.2";
			developmentRegion = English;
			hasScannedForEncodings = 0;
			knownRegions = (
				en,
			);
			mainGroup = 4D2113E71F4ED5E90080F5AE;
			productRefGroup = 4D2113F11F4ED5E90080F5AE /* Products */;
			projectDirPath = "";
			projectRoot = "";
			targets = (
				4D2113EF1F4ED5E90080F5AE /* agipd-reader */,
			);
		};
/* End PBXProject section */

/* Begin PBXSourcesBuildPhase section */
		4D2113EC1F4ED5E90080F5AE /* Sources */ = {
			isa = PBXSourcesBuildPhase;
			buildActionMask = 2147483647;
			files = (
				4D2113FB1F4ED6090080F5AE /* main.cpp in Sources */,
				120DBF7D1F69AF7100C46E75 /* PNGFile.cpp in Sources */,
				120DBF811F69AFDD00C46E75 /* TextManager.cpp in Sources */,
				4D26C3451F628EDA00D2D8E0 /* agipd_reader.cpp in Sources */,
				4D2113FE1F4ED6530080F5AE /* agipd_module_reader.cpp in Sources */,
			);
			runOnlyForDeploymentPostprocessing = 0;
		};
/* End PBXSourcesBuildPhase section */

/* Begin XCBuildConfiguration section */
		4D2113F51F4ED5E90080F5AE /* Debug */ = {
			isa = XCBuildConfiguration;
			buildSettings = {
				ALWAYS_SEARCH_USER_PATHS = NO;
				CLANG_ANALYZER_NONNULL = YES;
				CLANG_ANALYZER_NUMBER_OBJECT_CONVERSION = YES_AGGRESSIVE;
				CLANG_CXX_LANGUAGE_STANDARD = "gnu++0x";
				CLANG_CXX_LIBRARY = "libc++";
				CLANG_ENABLE_MODULES = YES;
				CLANG_ENABLE_OBJC_ARC = YES;
				CLANG_WARN_BOOL_CONVERSION = YES;
				CLANG_WARN_CONSTANT_CONVERSION = YES;
				CLANG_WARN_DIRECT_OBJC_ISA_USAGE = YES_ERROR;
				CLANG_WARN_DOCUMENTATION_COMMENTS = YES;
				CLANG_WARN_EMPTY_BODY = YES;
				CLANG_WARN_ENUM_CONVERSION = YES;
				CLANG_WARN_INFINITE_RECURSION = YES;
				CLANG_WARN_INT_CONVERSION = YES;
				CLANG_WARN_OBJC_ROOT_CLASS = YES_ERROR;
				CLANG_WARN_SUSPICIOUS_MOVE = YES;
				CLANG_WARN_UNREACHABLE_CODE = YES;
				CLANG_WARN__DUPLICATE_METHOD_MATCH = YES;
				CODE_SIGN_IDENTITY = "-";
				COPY_PHASE_STRIP = NO;
				DEBUG_INFORMATION_FORMAT = dwarf;
				ENABLE_STRICT_OBJC_MSGSEND = YES;
				ENABLE_TESTABILITY = YES;
				GCC_C_LANGUAGE_STANDARD = gnu99;
				GCC_DYNAMIC_NO_PIC = NO;
				GCC_NO_COMMON_BLOCKS = YES;
				GCC_OPTIMIZATION_LEVEL = 0;
				GCC_PREPROCESSOR_DEFINITIONS = (
					"DEBUG=1",
					"$(inherited)",
				);
				GCC_WARN_64_TO_32_BIT_CONVERSION = YES;
				GCC_WARN_ABOUT_RETURN_TYPE = YES_ERROR;
				GCC_WARN_UNDECLARED_SELECTOR = YES;
				GCC_WARN_UNINITIALIZED_AUTOS = YES_AGGRESSIVE;
				GCC_WARN_UNUSED_FUNCTION = YES;
				GCC_WARN_UNUSED_VARIABLE = YES;
				HEADER_SEARCH_PATHS = /usr/local/include;
				LIBRARY_SEARCH_PATHS = /usr/local/lib;
				MACH_O_TYPE = mh_execute;
				MACOSX_DEPLOYMENT_TARGET = 10.12;
				MTL_ENABLE_DEBUG_INFO = YES;
				ONLY_ACTIVE_ARCH = YES;
				OTHER_LDFLAGS = (
					"-lc",
					"-lhdf5",
					"-lhdf5_hl",
					"-lgcc_s.1",
					"-lz",
				);
				SDKROOT = macosx;
			};
			name = Debug;
		};
		4D2113F61F4ED5E90080F5AE /* Release */ = {
			isa = XCBuildConfiguration;
			buildSettings = {
				ALWAYS_SEARCH_USER_PATHS = NO;
				CLANG_ANALYZER_NONNULL = YES;
				CLANG_ANALYZER_NUMBER_OBJECT_CONVERSION = YES_AGGRESSIVE;
				CLANG_CXX_LANGUAGE_STANDARD = "gnu++0x";
				CLANG_CXX_LIBRARY = "libc++";
				CLANG_ENABLE_MODULES = YES;
				CLANG_ENABLE_OBJC_ARC = YES;
				CLANG_WARN_BOOL_CONVERSION = YES;
				CLANG_WARN_CONSTANT_CONVERSION = YES;
				CLANG_WARN_DIRECT_OBJC_ISA_USAGE = YES_ERROR;
				CLANG_WARN_DOCUMENTATION_COMMENTS = YES;
				CLANG_WARN_EMPTY_BODY = YES;
				CLANG_WARN_ENUM_CONVERSION = YES;
				CLANG_WARN_INFINITE_RECURSION = YES;
				CLANG_WARN_INT_CONVERSION = YES;
				CLANG_WARN_OBJC_ROOT_CLASS = YES_ERROR;
				CLANG_WARN_SUSPICIOUS_MOVE = YES;
				CLANG_WARN_UNREACHABLE_CODE = YES;
				CLANG_WARN__DUPLICATE_METHOD_MATCH = YES;
				CODE_SIGN_IDENTITY = "-";
				COPY_PHASE_STRIP = NO;
				DEBUG_INFORMATION_FORMAT = "dwarf-with-dsym";
				ENABLE_NS_ASSERTIONS = NO;
				ENABLE_STRICT_OBJC_MSGSEND = YES;
				GCC_C_LANGUAGE_STANDARD = gnu99;
				GCC_NO_COMMON_BLOCKS = YES;
				GCC_WARN_64_TO_32_BIT_CONVERSION = YES;
				GCC_WARN_ABOUT_RETURN_TYPE = YES_ERROR;
				GCC_WARN_UNDECLARED_SELECTOR = YES;
				GCC_WARN_UNINITIALIZED_AUTOS = YES_AGGRESSIVE;
				GCC_WARN_UNUSED_FUNCTION = YES;
				GCC_WARN_UNUSED_VARIABLE = YES;
				HEADER_SEARCH_PATHS = /usr/local/include;
				LIBRARY_SEARCH_PATHS = /usr/local/lib;
				MACH_O_TYPE = mh_execute;
				MACOSX_DEPLOYMENT_TARGET = 10.12;
				MTL_ENABLE_DEBUG_INFO = NO;
				OTHER_LDFLAGS = (
					"-lc",
					"-lhdf5",
					"-lhdf5_hl",
					"-lgcc_s.1",
					"-lz",
				);
				SDKROOT = macosx;
			};
			name = Release;
		};
		4D2113F81F4ED5E90080F5AE /* Debug */ = {
			isa = XCBuildConfiguration;
			buildSettings = {
				MACOSX_DEPLOYMENT_TARGET = 10.10;
				OTHER_LDFLAGS = (
					"-lc",
					"-lhdf5",
					"-lhdf5_hl",
					"-lgcc_s.1",
					"-lz",
					"-lpng",
				);
				PRODUCT_NAME = "$(TARGET_NAME)";
			};
			name = Debug;
		};
		4D2113F91F4ED5E90080F5AE /* Release */ = {
			isa = XCBuildConfiguration;
			buildSettings = {
				MACOSX_DEPLOYMENT_TARGET = 10.10;
				OTHER_LDFLAGS = (
					"-lc",
					"-lhdf5",
					"-lhdf5_hl",
					"-lgcc_s.1",
					"-lz",
					"-lpng",
				);
				PRODUCT_NAME = "$(TARGET_NAME)";
			};
			name = Release;
		};
/* End XCBuildConfiguration section */

/* Begin XCConfigurationList section */
		4D2113EB1F4ED5E90080F5AE /* Build configuration list for PBXProject "agipd" */ = {
			isa = XCConfigurationList;
			buildConfigurations = (
				4D2113F51F4ED5E90080F5AE /* Debug */,
				4D2113F61F4ED5E90080F5AE /* Release */,
			);
			defaultConfigurationIsVisible = 0;
			defaultConfigurationName = Release;
		};
		4D2113F71F4ED5E90080F5AE /* Build configuration list for PBXNativeTarget "agipd-reader" */ = {
			isa = XCConfigurationList;
			buildConfigurations = (
				4D2113F81F4ED5E90080F5AE /* Debug */,
				4D2113F91F4ED5E90080F5AE /* Release */,
			);
			defaultConfigurationIsVisible = 0;
			defaultConfigurationName = Release;
		};
/* End XCConfigurationList section */
	};
	rootObject = 4D2113E81F4ED5E90080F5AE /* Project object */;
}
